PODS:
  - DVAutoGeneratedProperties (0.1.0)

DEPENDENCIES:
  - DVAutoGeneratedProperties (from `../`)

EXTERNAL SOURCES:
  DVAutoGeneratedProperties:
    :path: "../"

SPEC CHECKSUMS:
  DVAutoGeneratedProperties: c801677dd72b613daa9c96d6dec2521fa60710f4

PODFILE CHECKSUM: 2df99c5658c1f68addf15d2455475bb59adeae27

COCOAPODS: 1.5.0
